
Microsoft Visual Studio Solution File, Format Version 12.00
# Visual Studio Version 16
VisualStudioVersion = 16.0.30523.141
MinimumVisualStudioVersion = 10.0.40219.1
Project("{FAE04EC0-301F-11D3-BF4B-00C04F79EFBC}") = "PD-AR1Project", "PD-AR1Project\PD-AR1Project.csproj", "{335E83EE-A735-4935-A6FE-D5841A527282}"
EndProject
Global
	GlobalSection(SolutionConfigurationPlatforms) = preSolution
		Debug|Any CPU = Debug|Any CPU
		Release|Any CPU = Release|Any CPU
	EndGlobalSection
	GlobalSection(ProjectConfigurationPlatforms) = postSolution
		{335E83EE-A735-4935-A6FE-D5841A527282}.Debug|Any CPU.ActiveCfg = Debug|Any CPU
		{335E83EE-A735-4935-A6FE-D5841A527282}.Debug|Any CPU.Build.0 = Debug|Any CPU
		{335E83EE-A735-4935-A6FE-D5841A527282}.Release|Any CPU.ActiveCfg = Release|Any CPU
		{335E83EE-A735-4935-A6FE-D5841A527282}.Release|Any CPU.Build.0 = Release|Any CPU
	EndGlobalSection
	GlobalSection(SolutionProperties) = preSolution
		HideSolutionNode = FALSE
	EndGlobalSection
	GlobalSection(ExtensibilityGlobals) = postSolution
		SolutionGuid = {24CEEB54-9227-4D24-A79E-B4F6A503F4E2}
	EndGlobalSection
EndGlobal
